// !$*UTF8*$!
{
	archiveVersion = 1;
	classes = {
	};
	objectVersion = 51;
	objects = {

/* Begin PBXBuildFile section */
		6E648BD423004CCB009CBB79 /* AppDelegate.swift in Sources */ = {isa = PBXBuildFile; fileRef = 6E648BD323004CCB009CBB79 /* AppDelegate.swift */; };
		6E648BD923004CCB009CBB79 /* Main.storyboard in Resources */ = {isa = PBXBuildFile; fileRef = 6E648BD723004CCB009CBB79 /* Main.storyboard */; };
		6E648BDB23004CCD009CBB79 /* Assets.xcassets in Resources */ = {isa = PBXBuildFile; fileRef = 6E648BDA23004CCD009CBB79 /* Assets.xcassets */; };
		6E648BDE23004CCD009CBB79 /* LaunchScreen.storyboard in Resources */ = {isa = PBXBuildFile; fileRef = 6E648BDC23004CCD009CBB79 /* LaunchScreen.storyboard */; };
		6E648BE923005029009CBB79 /* MovieBoardViewController.swift in Sources */ = {isa = PBXBuildFile; fileRef = 6E648BE823005029009CBB79 /* MovieBoardViewController.swift */; };
		6E648BEB2300507A009CBB79 /* MovieBoardDataSource.swift in Sources */ = {isa = PBXBuildFile; fileRef = 6E648BEA2300507A009CBB79 /* MovieBoardDataSource.swift */; };
		6E648BED23005127009CBB79 /* MovieBoardVM.swift in Sources */ = {isa = PBXBuildFile; fileRef = 6E648BEC23005127009CBB79 /* MovieBoardVM.swift */; };
		6E648BEF2300517D009CBB79 /* MovieBoardCell.swift in Sources */ = {isa = PBXBuildFile; fileRef = 6E648BEE2300517D009CBB79 /* MovieBoardCell.swift */; };
		6E648BF1230051BA009CBB79 /* MovieItem.swift in Sources */ = {isa = PBXBuildFile; fileRef = 6E648BF0230051BA009CBB79 /* MovieItem.swift */; };
		6E648BF3230051D8009CBB79 /* MovieRawData.swift in Sources */ = {isa = PBXBuildFile; fileRef = 6E648BF2230051D8009CBB79 /* MovieRawData.swift */; };
		6E648BF523005371009CBB79 /* MoviesRawResponse.swift in Sources */ = {isa = PBXBuildFile; fileRef = 6E648BF423005371009CBB79 /* MoviesRawResponse.swift */; };
		6E648BFA230053D7009CBB79 /* CollectionExt.swift in Sources */ = {isa = PBXBuildFile; fileRef = 6E648BF9230053D7009CBB79 /* CollectionExt.swift */; };
		6E648BFC230053EE009CBB79 /* ObservableExt.swift in Sources */ = {isa = PBXBuildFile; fileRef = 6E648BFB230053EE009CBB79 /* ObservableExt.swift */; };
		6E648BFE230065FC009CBB79 /* Consts.swift in Sources */ = {isa = PBXBuildFile; fileRef = 6E648BFD230065FC009CBB79 /* Consts.swift */; };
		6E648C0323014AA1009CBB79 /* NetworkService.swift in Sources */ = {isa = PBXBuildFile; fileRef = 6E648C0223014AA1009CBB79 /* NetworkService.swift */; };
		6E648C052302C343009CBB79 /* MovieDBTarget.swift in Sources */ = {isa = PBXBuildFile; fileRef = 6E648C042302C343009CBB79 /* MovieDBTarget.swift */; };
		6E648C0723030313009CBB79 /* ImagesTarget.swift in Sources */ = {isa = PBXBuildFile; fileRef = 6E648C0623030313009CBB79 /* ImagesTarget.swift */; };
		6E648C0E230554F8009CBB79 /* SearchViewController.swift in Sources */ = {isa = PBXBuildFile; fileRef = 6E648C0D230554F8009CBB79 /* SearchViewController.swift */; };
		6E648C1023055546009CBB79 /* SearchOption.swift in Sources */ = {isa = PBXBuildFile; fileRef = 6E648C0F23055546009CBB79 /* SearchOption.swift */; };
		6E648C1223055592009CBB79 /* SearchOptionCell.swift in Sources */ = {isa = PBXBuildFile; fileRef = 6E648C1123055592009CBB79 /* SearchOptionCell.swift */; };
		C73D0BB104CB5F15F560B077 /* Pods_MovieBoardRX.framework in Frameworks */ = {isa = PBXBuildFile; fileRef = 038FECAB182FC413A4BA455D /* Pods_MovieBoardRX.framework */; };
/* End PBXBuildFile section */

/* Begin PBXFileReference section */
		038FECAB182FC413A4BA455D /* Pods_MovieBoardRX.framework */ = {isa = PBXFileReference; explicitFileType = wrapper.framework; includeInIndex = 0; path = Pods_MovieBoardRX.framework; sourceTree = BUILT_PRODUCTS_DIR; };
		22DC23E79F16C6D6EFA8640D /* Pods-MovieBoardRX.release.xcconfig */ = {isa = PBXFileReference; includeInIndex = 1; lastKnownFileType = text.xcconfig; name = "Pods-MovieBoardRX.release.xcconfig"; path = "Target Support Files/Pods-MovieBoardRX/Pods-MovieBoardRX.release.xcconfig"; sourceTree = "<group>"; };
		6E648BD023004CCB009CBB79 /* MovieBoardRX.app */ = {isa = PBXFileReference; explicitFileType = wrapper.application; includeInIndex = 0; path = MovieBoardRX.app; sourceTree = BUILT_PRODUCTS_DIR; };
		6E648BD323004CCB009CBB79 /* AppDelegate.swift */ = {isa = PBXFileReference; lastKnownFileType = sourcecode.swift; path = AppDelegate.swift; sourceTree = "<group>"; };
		6E648BD823004CCB009CBB79 /* Base */ = {isa = PBXFileReference; lastKnownFileType = file.storyboard; name = Base; path = Base.lproj/Main.storyboard; sourceTree = "<group>"; };
		6E648BDA23004CCD009CBB79 /* Assets.xcassets */ = {isa = PBXFileReference; lastKnownFileType = folder.assetcatalog; path = Assets.xcassets; sourceTree = "<group>"; };
		6E648BDD23004CCD009CBB79 /* Base */ = {isa = PBXFileReference; lastKnownFileType = file.storyboard; name = Base; path = Base.lproj/LaunchScreen.storyboard; sourceTree = "<group>"; };
		6E648BDF23004CCD009CBB79 /* Info.plist */ = {isa = PBXFileReference; lastKnownFileType = text.plist.xml; path = Info.plist; sourceTree = "<group>"; };
		6E648BE823005029009CBB79 /* MovieBoardViewController.swift */ = {isa = PBXFileReference; lastKnownFileType = sourcecode.swift; path = MovieBoardViewController.swift; sourceTree = "<group>"; };
		6E648BEA2300507A009CBB79 /* MovieBoardDataSource.swift */ = {isa = PBXFileReference; lastKnownFileType = sourcecode.swift; path = MovieBoardDataSource.swift; sourceTree = "<group>"; };
		6E648BEC23005127009CBB79 /* MovieBoardVM.swift */ = {isa = PBXFileReference; lastKnownFileType = sourcecode.swift; path = MovieBoardVM.swift; sourceTree = "<group>"; };
		6E648BEE2300517D009CBB79 /* MovieBoardCell.swift */ = {isa = PBXFileReference; lastKnownFileType = sourcecode.swift; path = MovieBoardCell.swift; sourceTree = "<group>"; };
		6E648BF0230051BA009CBB79 /* MovieItem.swift */ = {isa = PBXFileReference; lastKnownFileType = sourcecode.swift; path = MovieItem.swift; sourceTree = "<group>"; };
		6E648BF2230051D8009CBB79 /* MovieRawData.swift */ = {isa = PBXFileReference; lastKnownFileType = sourcecode.swift; path = MovieRawData.swift; sourceTree = "<group>"; };
		6E648BF423005371009CBB79 /* MoviesRawResponse.swift */ = {isa = PBXFileReference; lastKnownFileType = sourcecode.swift; path = MoviesRawResponse.swift; sourceTree = "<group>"; };
		6E648BF9230053D7009CBB79 /* CollectionExt.swift */ = {isa = PBXFileReference; lastKnownFileType = sourcecode.swift; path = CollectionExt.swift; sourceTree = "<group>"; };
		6E648BFB230053EE009CBB79 /* ObservableExt.swift */ = {isa = PBXFileReference; lastKnownFileType = sourcecode.swift; path = ObservableExt.swift; sourceTree = "<group>"; };
		6E648BFD230065FC009CBB79 /* Consts.swift */ = {isa = PBXFileReference; lastKnownFileType = sourcecode.swift; path = Consts.swift; sourceTree = "<group>"; };
		6E648C0223014AA1009CBB79 /* NetworkService.swift */ = {isa = PBXFileReference; lastKnownFileType = sourcecode.swift; path = NetworkService.swift; sourceTree = "<group>"; };
		6E648C042302C343009CBB79 /* MovieDBTarget.swift */ = {isa = PBXFileReference; lastKnownFileType = sourcecode.swift; path = MovieDBTarget.swift; sourceTree = "<group>"; };
		6E648C0623030313009CBB79 /* ImagesTarget.swift */ = {isa = PBXFileReference; lastKnownFileType = sourcecode.swift; path = ImagesTarget.swift; sourceTree = "<group>"; };
		6E648C0D230554F8009CBB79 /* SearchViewController.swift */ = {isa = PBXFileReference; lastKnownFileType = sourcecode.swift; path = SearchViewController.swift; sourceTree = "<group>"; };
		6E648C0F23055546009CBB79 /* SearchOption.swift */ = {isa = PBXFileReference; lastKnownFileType = sourcecode.swift; path = SearchOption.swift; sourceTree = "<group>"; };
		6E648C1123055592009CBB79 /* SearchOptionCell.swift */ = {isa = PBXFileReference; lastKnownFileType = sourcecode.swift; path = SearchOptionCell.swift; sourceTree = "<group>"; };
		B07C14722681FB60D9E77BB3 /* Pods-MovieBoardRX.debug.xcconfig */ = {isa = PBXFileReference; includeInIndex = 1; lastKnownFileType = text.xcconfig; name = "Pods-MovieBoardRX.debug.xcconfig"; path = "Target Support Files/Pods-MovieBoardRX/Pods-MovieBoardRX.debug.xcconfig"; sourceTree = "<group>"; };
/* End PBXFileReference section */

/* Begin PBXFrameworksBuildPhase section */
		6E648BCD23004CCB009CBB79 /* Frameworks */ = {
			isa = PBXFrameworksBuildPhase;
			buildActionMask = 2147483647;
			files = (
				C73D0BB104CB5F15F560B077 /* Pods_MovieBoardRX.framework in Frameworks */,
			);
			runOnlyForDeploymentPostprocessing = 0;
		};
/* End PBXFrameworksBuildPhase section */

/* Begin PBXGroup section */
		23614AAD4FBA141773458BBF /* Frameworks */ = {
			isa = PBXGroup;
			children = (
				038FECAB182FC413A4BA455D /* Pods_MovieBoardRX.framework */,
			);
			name = Frameworks;
			sourceTree = "<group>";
		};
		6E648BC723004CCB009CBB79 = {
			isa = PBXGroup;
			children = (
				6E648BD223004CCB009CBB79 /* MovieBoardRX */,
				6E648BD123004CCB009CBB79 /* Products */,
				EE333F4BFF9AF9E48F0C1AA9 /* Pods */,
				23614AAD4FBA141773458BBF /* Frameworks */,
			);
			sourceTree = "<group>";
		};
		6E648BD123004CCB009CBB79 /* Products */ = {
			isa = PBXGroup;
			children = (
				6E648BD023004CCB009CBB79 /* MovieBoardRX.app */,
			);
			name = Products;
			sourceTree = "<group>";
		};
		6E648BD223004CCB009CBB79 /* MovieBoardRX */ = {
			isa = PBXGroup;
			children = (
				6E648BD323004CCB009CBB79 /* AppDelegate.swift */,
				6E648BD723004CCB009CBB79 /* Main.storyboard */,
				6E648BE523004DF2009CBB79 /* View */,
				6E648BE623004E0E009CBB79 /* ViewModel */,
				6E648BE723004E2D009CBB79 /* Model */,
				6E648C0123014A8A009CBB79 /* Services */,
				6E648BF8230053B7009CBB79 /* Extensions */,
				6E648BDA23004CCD009CBB79 /* Assets.xcassets */,
				6E648BDC23004CCD009CBB79 /* LaunchScreen.storyboard */,
				6E648BDF23004CCD009CBB79 /* Info.plist */,
			);
			path = MovieBoardRX;
			sourceTree = "<group>";
		};
		6E648BE523004DF2009CBB79 /* View */ = {
			isa = PBXGroup;
			children = (
				6E648C0B2305549B009CBB79 /* MainView */,
				6E648C0C230554AF009CBB79 /* SearchView */,
			);
			path = View;
			sourceTree = "<group>";
		};
		6E648BE623004E0E009CBB79 /* ViewModel */ = {
			isa = PBXGroup;
			children = (
				6E648BEC23005127009CBB79 /* MovieBoardVM.swift */,
			);
			path = ViewModel;
			sourceTree = "<group>";
		};
		6E648BE723004E2D009CBB79 /* Model */ = {
			isa = PBXGroup;
			children = (
				6E648BF0230051BA009CBB79 /* MovieItem.swift */,
				6E648BF2230051D8009CBB79 /* MovieRawData.swift */,
				6E648BF423005371009CBB79 /* MoviesRawResponse.swift */,
				6E648BFD230065FC009CBB79 /* Consts.swift */,
				6E648C0F23055546009CBB79 /* SearchOption.swift */,
			);
			path = Model;
			sourceTree = "<group>";
		};
		6E648BF8230053B7009CBB79 /* Extensions */ = {
			isa = PBXGroup;
			children = (
				6E648BF9230053D7009CBB79 /* CollectionExt.swift */,
				6E648BFB230053EE009CBB79 /* ObservableExt.swift */,
			);
			path = Extensions;
			sourceTree = "<group>";
		};
		6E648C0123014A8A009CBB79 /* Services */ = {
			isa = PBXGroup;
			children = (
				6E648C0223014AA1009CBB79 /* NetworkService.swift */,
				6E648C042302C343009CBB79 /* MovieDBTarget.swift */,
				6E648C0623030313009CBB79 /* ImagesTarget.swift */,
			);
			path = Services;
			sourceTree = "<group>";
		};
		6E648C0B2305549B009CBB79 /* MainView */ = {
			isa = PBXGroup;
			children = (
				6E648BE823005029009CBB79 /* MovieBoardViewController.swift */,
				6E648BEA2300507A009CBB79 /* MovieBoardDataSource.swift */,
				6E648BEE2300517D009CBB79 /* MovieBoardCell.swift */,
			);
			path = MainView;
			sourceTree = "<group>";
		};
		6E648C0C230554AF009CBB79 /* SearchView */ = {
			isa = PBXGroup;
			children = (
				6E648C0D230554F8009CBB79 /* SearchViewController.swift */,
				6E648C1123055592009CBB79 /* SearchOptionCell.swift */,
			);
			path = SearchView;
			sourceTree = "<group>";
		};
		EE333F4BFF9AF9E48F0C1AA9 /* Pods */ = {
			isa = PBXGroup;
			children = (
				B07C14722681FB60D9E77BB3 /* Pods-MovieBoardRX.debug.xcconfig */,
				22DC23E79F16C6D6EFA8640D /* Pods-MovieBoardRX.release.xcconfig */,
			);
			path = Pods;
			sourceTree = "<group>";
		};
/* End PBXGroup section */

/* Begin PBXNativeTarget section */
		6E648BCF23004CCB009CBB79 /* MovieBoardRX */ = {
			isa = PBXNativeTarget;
			buildConfigurationList = 6E648BE223004CCD009CBB79 /* Build configuration list for PBXNativeTarget "MovieBoardRX" */;
			buildPhases = (
				5BD9100CF625290C13173C57 /* [CP] Check Pods Manifest.lock */,
				6E648BCC23004CCB009CBB79 /* Sources */,
				6E648BCD23004CCB009CBB79 /* Frameworks */,
				6E648BCE23004CCB009CBB79 /* Resources */,
				2F5B5F14AA7DB817FBEA2CE9 /* [CP] Embed Pods Frameworks */,
			);
			buildRules = (
			);
			dependencies = (
			);
			name = MovieBoardRX;
			productName = MovieBoardRX;
			productReference = 6E648BD023004CCB009CBB79 /* MovieBoardRX.app */;
			productType = "com.apple.product-type.application";
		};
/* End PBXNativeTarget section */

/* Begin PBXProject section */
		6E648BC823004CCB009CBB79 /* Project object */ = {
			isa = PBXProject;
			attributes = {
				LastSwiftUpdateCheck = 1020;
				LastUpgradeCheck = 1020;
				ORGANIZATIONNAME = "Noam Bar-Touv";
				TargetAttributes = {
					6E648BCF23004CCB009CBB79 = {
						CreatedOnToolsVersion = 10.2.1;
					};
				};
			};
			buildConfigurationList = 6E648BCB23004CCB009CBB79 /* Build configuration list for PBXProject "MovieBoardRX" */;
			compatibilityVersion = "Xcode 9.3";
			developmentRegion = en;
			hasScannedForEncodings = 0;
			knownRegions = (
				en,
				Base,
			);
			mainGroup = 6E648BC723004CCB009CBB79;
			productRefGroup = 6E648BD123004CCB009CBB79 /* Products */;
			projectDirPath = "";
			projectRoot = "";
			targets = (
				6E648BCF23004CCB009CBB79 /* MovieBoardRX */,
			);
		};
/* End PBXProject section */

/* Begin PBXResourcesBuildPhase section */
		6E648BCE23004CCB009CBB79 /* Resources */ = {
			isa = PBXResourcesBuildPhase;
			buildActionMask = 2147483647;
			files = (
				6E648BDE23004CCD009CBB79 /* LaunchScreen.storyboard in Resources */,
				6E648BDB23004CCD009CBB79 /* Assets.xcassets in Resources */,
				6E648BD923004CCB009CBB79 /* Main.storyboard in Resources */,
			);
			runOnlyForDeploymentPostprocessing = 0;
		};
/* End PBXResourcesBuildPhase section */

/* Begin PBXShellScriptBuildPhase section */
		2F5B5F14AA7DB817FBEA2CE9 /* [CP] Embed Pods Frameworks */ = {
			isa = PBXShellScriptBuildPhase;
			buildActionMask = 2147483647;
			files = (
			);
			inputFileListPaths = (
				"${PODS_ROOT}/Target Support Files/Pods-MovieBoardRX/Pods-MovieBoardRX-frameworks-${CONFIGURATION}-input-files.xcfilelist",
			);
			name = "[CP] Embed Pods Frameworks";
			outputFileListPaths = (
				"${PODS_ROOT}/Target Support Files/Pods-MovieBoardRX/Pods-MovieBoardRX-frameworks-${CONFIGURATION}-output-files.xcfilelist",
			);
			runOnlyForDeploymentPostprocessing = 0;
			shellPath = /bin/sh;
			shellScript = "\"${PODS_ROOT}/Target Support Files/Pods-MovieBoardRX/Pods-MovieBoardRX-frameworks.sh\"\n";
			showEnvVarsInLog = 0;
		};
		5BD9100CF625290C13173C57 /* [CP] Check Pods Manifest.lock */ = {
			isa = PBXShellScriptBuildPhase;
			buildActionMask = 2147483647;
			files = (
			);
			inputFileListPaths = (
			);
			inputPaths = (
				"${PODS_PODFILE_DIR_PATH}/Podfile.lock",
				"${PODS_ROOT}/Manifest.lock",
			);
			name = "[CP] Check Pods Manifest.lock";
			outputFileListPaths = (
			);
			outputPaths = (
				"$(DERIVED_FILE_DIR)/Pods-MovieBoardRX-checkManifestLockResult.txt",
			);
			runOnlyForDeploymentPostprocessing = 0;
			shellPath = /bin/sh;
			shellScript = "diff \"${PODS_PODFILE_DIR_PATH}/Podfile.lock\" \"${PODS_ROOT}/Manifest.lock\" > /dev/null\nif [ $? != 0 ] ; then\n    # print error to STDERR\n    echo \"error: The sandbox is not in sync with the Podfile.lock. Run 'pod install' or update your CocoaPods installation.\" >&2\n    exit 1\nfi\n# This output is used by Xcode 'outputs' to avoid re-running this script phase.\necho \"SUCCESS\" > \"${SCRIPT_OUTPUT_FILE_0}\"\n";
			showEnvVarsInLog = 0;
		};
/* End PBXShellScriptBuildPhase section */

/* Begin PBXSourcesBuildPhase section */
		6E648BCC23004CCB009CBB79 /* Sources */ = {
			isa = PBXSourcesBuildPhase;
			buildActionMask = 2147483647;
			files = (
				6E648C1223055592009CBB79 /* SearchOptionCell.swift in Sources */,
				6E648C0E230554F8009CBB79 /* SearchViewController.swift in Sources */,
				6E648BEF2300517D009CBB79 /* MovieBoardCell.swift in Sources */,
				6E648BED23005127009CBB79 /* MovieBoardVM.swift in Sources */,
				6E648BFC230053EE009CBB79 /* ObservableExt.swift in Sources */,
				6E648BFA230053D7009CBB79 /* CollectionExt.swift in Sources */,
				6E648C0723030313009CBB79 /* ImagesTarget.swift in Sources */,
				6E648BF523005371009CBB79 /* MoviesRawResponse.swift in Sources */,
				6E648BEB2300507A009CBB79 /* MovieBoardDataSource.swift in Sources */,
				6E648BF3230051D8009CBB79 /* MovieRawData.swift in Sources */,
				6E648BF1230051BA009CBB79 /* MovieItem.swift in Sources */,
				6E648BFE230065FC009CBB79 /* Consts.swift in Sources */,
				6E648BE923005029009CBB79 /* MovieBoardViewController.swift in Sources */,
				6E648C1023055546009CBB79 /* SearchOption.swift in Sources */,
				6E648C0323014AA1009CBB79 /* NetworkService.swift in Sources */,
				6E648C052302C343009CBB79 /* MovieDBTarget.swift in Sources */,
				6E648BD423004CCB009CBB79 /* AppDelegate.swift in Sources */,
			);
			runOnlyForDeploymentPostprocessing = 0;
		};
/* End PBXSourcesBuildPhase section */

/* Begin PBXVariantGroup section */
		6E648BD723004CCB009CBB79 /* Main.storyboard */ = {
			isa = PBXVariantGroup;
			children = (
				6E648BD823004CCB009CBB79 /* Base */,
			);
			name = Main.storyboard;
			sourceTree = "<group>";
		};
		6E648BDC23004CCD009CBB79 /* LaunchScreen.storyboard */ = {
			isa = PBXVariantGroup;
			children = (
				6E648BDD23004CCD009CBB79 /* Base */,
			);
			name = LaunchScreen.storyboard;
			sourceTree = "<group>";
		};
/* End PBXVariantGroup section */

/* Begin XCBuildConfiguration section */
		6E648BE023004CCD009CBB79 /* Debug */ = {
			isa = XCBuildConfiguration;
			buildSettings = {
				ALWAYS_SEARCH_USER_PATHS = NO;
				CLANG_ANALYZER_NONNULL = YES;
				CLANG_ANALYZER_NUMBER_OBJECT_CONVERSION = YES_AGGRESSIVE;
				CLANG_CXX_LANGUAGE_STANDARD = "gnu++14";
				CLANG_CXX_LIBRARY = "libc++";
				CLANG_ENABLE_MODULES = YES;
				CLANG_ENABLE_OBJC_ARC = YES;
				CLANG_ENABLE_OBJC_WEAK = YES;
				CLANG_WARN_BLOCK_CAPTURE_AUTORELEASING = YES;
				CLANG_WARN_BOOL_CONVERSION = YES;
				CLANG_WARN_COMMA = YES;
				CLANG_WARN_CONSTANT_CONVERSION = YES;
				CLANG_WARN_DEPRECATED_OBJC_IMPLEMENTATIONS = YES;
				CLANG_WARN_DIRECT_OBJC_ISA_USAGE = YES_ERROR;
				CLANG_WARN_DOCUMENTATION_COMMENTS = YES;
				CLANG_WARN_EMPTY_BODY = YES;
				CLANG_WARN_ENUM_CONVERSION = YES;
				CLANG_WARN_INFINITE_RECURSION = YES;
				CLANG_WARN_INT_CONVERSION = YES;
				CLANG_WARN_NON_LITERAL_NULL_CONVERSION = YES;
				CLANG_WARN_OBJC_IMPLICIT_RETAIN_SELF = YES;
				CLANG_WARN_OBJC_LITERAL_CONVERSION = YES;
				CLANG_WARN_OBJC_ROOT_CLASS = YES_ERROR;
				CLANG_WARN_RANGE_LOOP_ANALYSIS = YES;
				CLANG_WARN_STRICT_PROTOTYPES = YES;
				CLANG_WARN_SUSPICIOUS_MOVE = YES;
				CLANG_WARN_UNGUARDED_AVAILABILITY = YES_AGGRESSIVE;
				CLANG_WARN_UNREACHABLE_CODE = YES;
				CLANG_WARN__DUPLICATE_METHOD_MATCH = YES;
				CODE_SIGN_IDENTITY = "iPhone Developer";
				COPY_PHASE_STRIP = NO;
				DEBUG_INFORMATION_FORMAT = dwarf;
				ENABLE_STRICT_OBJC_MSGSEND = YES;
				ENABLE_TESTABILITY = YES;
				GCC_C_LANGUAGE_STANDARD = gnu11;
				GCC_DYNAMIC_NO_PIC = NO;
				GCC_NO_COMMON_BLOCKS = YES;
				GCC_OPTIMIZATION_LEVEL = 0;
				GCC_PREPROCESSOR_DEFINITIONS = (
					"DEBUG=1",
					"$(inherited)",
				);
				GCC_WARN_64_TO_32_BIT_CONVERSION = YES;
				GCC_WARN_ABOUT_RETURN_TYPE = YES_ERROR;
				GCC_WARN_UNDECLARED_SELECTOR = YES;
				GCC_WARN_UNINITIALIZED_AUTOS = YES_AGGRESSIVE;
				GCC_WARN_UNUSED_FUNCTION = YES;
				GCC_WARN_UNUSED_VARIABLE = YES;
				IPHONEOS_DEPLOYMENT_TARGET = 12.2;
				MTL_ENABLE_DEBUG_INFO = INCLUDE_SOURCE;
				MTL_FAST_MATH = YES;
				ONLY_ACTIVE_ARCH = YES;
				SDKROOT = iphoneos;
				SWIFT_ACTIVE_COMPILATION_CONDITIONS = DEBUG;
				SWIFT_OPTIMIZATION_LEVEL = "-Onone";
			};
			name = Debug;
		};
		6E648BE123004CCD009CBB79 /* Release */ = {
			isa = XCBuildConfiguration;
			buildSettings = {
				ALWAYS_SEARCH_USER_PATHS = NO;
				CLANG_ANALYZER_NONNULL = YES;
				CLANG_ANALYZER_NUMBER_OBJECT_CONVERSION = YES_AGGRESSIVE;
				CLANG_CXX_LANGUAGE_STANDARD = "gnu++14";
				CLANG_CXX_LIBRARY = "libc++";
				CLANG_ENABLE_MODULES = YES;
				CLANG_ENABLE_OBJC_ARC = YES;
				CLANG_ENABLE_OBJC_WEAK = YES;
				CLANG_WARN_BLOCK_CAPTURE_AUTORELEASING = YES;
				CLANG_WARN_BOOL_CONVERSION = YES;
				CLANG_WARN_COMMA = YES;
				CLANG_WARN_CONSTANT_CONVERSION = YES;
				CLANG_WARN_DEPRECATED_OBJC_IMPLEMENTATIONS = YES;
				CLANG_WARN_DIRECT_OBJC_ISA_USAGE = YES_ERROR;
				CLANG_WARN_DOCUMENTATION_COMMENTS = YES;
				CLANG_WARN_EMPTY_BODY = YES;
				CLANG_WARN_ENUM_CONVERSION = YES;
				CLANG_WARN_INFINITE_RECURSION = YES;
				CLANG_WARN_INT_CONVERSION = YES;
				CLANG_WARN_NON_LITERAL_NULL_CONVERSION = YES;
				CLANG_WARN_OBJC_IMPLICIT_RETAIN_SELF = YES;
				CLANG_WARN_OBJC_LITERAL_CONVERSION = YES;
				CLANG_WARN_OBJC_ROOT_CLASS = YES_ERROR;
				CLANG_WARN_RANGE_LOOP_ANALYSIS = YES;
				CLANG_WARN_STRICT_PROTOTYPES = YES;
				CLANG_WARN_SUSPICIOUS_MOVE = YES;
				CLANG_WARN_UNGUARDED_AVAILABILITY = YES_AGGRESSIVE;
				CLANG_WARN_UNREACHABLE_CODE = YES;
				CLANG_WARN__DUPLICATE_METHOD_MATCH = YES;
				CODE_SIGN_IDENTITY = "iPhone Developer";
				COPY_PHASE_STRIP = NO;
				DEBUG_INFORMATION_FORMAT = "dwarf-with-dsym";
				ENABLE_NS_ASSERTIONS = NO;
				ENABLE_STRICT_OBJC_MSGSEND = YES;
				GCC_C_LANGUAGE_STANDARD = gnu11;
				GCC_NO_COMMON_BLOCKS = YES;
				GCC_WARN_64_TO_32_BIT_CONVERSION = YES;
				GCC_WARN_ABOUT_RETURN_TYPE = YES_ERROR;
				GCC_WARN_UNDECLARED_SELECTOR = YES;
				GCC_WARN_UNINITIALIZED_AUTOS = YES_AGGRESSIVE;
				GCC_WARN_UNUSED_FUNCTION = YES;
				GCC_WARN_UNUSED_VARIABLE = YES;
				IPHONEOS_DEPLOYMENT_TARGET = 12.2;
				MTL_ENABLE_DEBUG_INFO = NO;
				MTL_FAST_MATH = YES;
				SDKROOT = iphoneos;
				SWIFT_COMPILATION_MODE = wholemodule;
				SWIFT_OPTIMIZATION_LEVEL = "-O";
				VALIDATE_PRODUCT = YES;
			};
			name = Release;
		};
		6E648BE323004CCD009CBB79 /* Debug */ = {
			isa = XCBuildConfiguration;
			baseConfigurationReference = B07C14722681FB60D9E77BB3 /* Pods-MovieBoardRX.debug.xcconfig */;
			buildSettings = {
				ASSETCATALOG_COMPILER_APPICON_NAME = AppIcon;
				CODE_SIGN_STYLE = Automatic;
				DEVELOPMENT_TEAM = YD64MYJA6T;
				INFOPLIST_FILE = MovieBoardRX/Info.plist;
				LD_RUNPATH_SEARCH_PATHS = (
					"$(inherited)",
					"@executable_path/Frameworks",
				);
				PRODUCT_BUNDLE_IDENTIFIER = ILOVEIOS.MovieBoardRX;
				PRODUCT_NAME = "$(TARGET_NAME)";
				SWIFT_VERSION = 5.0;
				TARGETED_DEVICE_FAMILY = "1,2";
			};
			name = Debug;
		};
		6E648BE423004CCD009CBB79 /* Release */ = {
			isa = XCBuildConfiguration;
			baseConfigurationReference = 22DC23E79F16C6D6EFA8640D /* Pods-MovieBoardRX.release.xcconfig */;
			buildSettings = {
				ASSETCATALOG_COMPILER_APPICON_NAME = AppIcon;
				CODE_SIGN_STYLE = Automatic;
				DEVELOPMENT_TEAM = YD64MYJA6T;
				INFOPLIST_FILE = MovieBoardRX/Info.plist;
				LD_RUNPATH_SEARCH_PATHS = (
					"$(inherited)",
					"@executable_path/Frameworks",
				);
				PRODUCT_BUNDLE_IDENTIFIER = ILOVEIOS.MovieBoardRX;
				PRODUCT_NAME = "$(TARGET_NAME)";
				SWIFT_VERSION = 5.0;
				TARGETED_DEVICE_FAMILY = "1,2";
			};
			name = Release;
		};
/* End XCBuildConfiguration section */

/* Begin XCConfigurationList section */
		6E648BCB23004CCB009CBB79 /* Build configuration list for PBXProject "MovieBoardRX" */ = {
			isa = XCConfigurationList;
			buildConfigurations = (
				6E648BE023004CCD009CBB79 /* Debug */,
				6E648BE123004CCD009CBB79 /* Release */,
			);
			defaultConfigurationIsVisible = 0;
			defaultConfigurationName = Release;
		};
		6E648BE223004CCD009CBB79 /* Build configuration list for PBXNativeTarget "MovieBoardRX" */ = {
			isa = XCConfigurationList;
			buildConfigurations = (
				6E648BE323004CCD009CBB79 /* Debug */,
				6E648BE423004CCD009CBB79 /* Release */,
			);
			defaultConfigurationIsVisible = 0;
			defaultConfigurationName = Release;
		};
/* End XCConfigurationList section */
	};
	rootObject = 6E648BC823004CCB009CBB79 /* Project object */;
}
